
Microsoft Visual Studio Solution File, Format Version 12.00
# Visual Studio Version 17
VisualStudioVersion = 17.12.35527.113
MinimumVisualStudioVersion = 10.0.40219.1
Project("{FAE04EC0-301F-11D3-BF4B-00C04F79EFBC}") = "FirstCode", "FirstCode\FirstCode.csproj", "{1E3BBC00-400A-4E0B-8907-24B664249FDB}"
EndProject
Project("{FAE04EC0-301F-11D3-BF4B-00C04F79EFBC}") = "LiteralAndVariableStore", "LiteralAndVariableStore\LiteralAndVariableStore.csproj", "{255CD759-C529-43C5-B8E9-93596250EDB1}"
EndProject
Project("{FAE04EC0-301F-11D3-BF4B-00C04F79EFBC}") = "StringFormatting", "StringFormatting\StringFormatting.csproj", "{25BC92D2-D090-405F-9997-2ED6E8E23EE5}"
EndProject
Project("{FAE04EC0-301F-11D3-BF4B-00C04F79EFBC}") = "BasicOperations", "BasicOperations\BasicOperations.csproj", "{405355CD-2B17-4563-853A-E257955C07BF}"
EndProject
Project("{FAE04EC0-301F-11D3-BF4B-00C04F79EFBC}") = "CalculateStudentGardes", "Cal\CalculateStudentGardes.csproj", "{B334F50C-1315-43AA-B976-D1C17586DF87}"
EndProject
Project("{FAE04EC0-301F-11D3-BF4B-00C04F79EFBC}") = "CalculateFinalGPA", "CalculateFinalGPA\CalculateFinalGPA.csproj", "{68E25AE1-920C-469C-8B25-C78C7F6090A4}"
EndProject
Project("{FAE04EC0-301F-11D3-BF4B-00C04F79EFBC}") = "ArrayAndForEachLoop", "ArrayAndForEachLoop\ArrayAndForEachLoop.csproj", "{DF4E345F-D211-401B-BB87-175AC096E0B7}"
EndProject
Global
	GlobalSection(SolutionConfigurationPlatforms) = preSolution
		Debug|Any CPU = Debug|Any CPU
		Release|Any CPU = Release|Any CPU
	EndGlobalSection
	GlobalSection(ProjectConfigurationPlatforms) = postSolution
		{1E3BBC00-400A-4E0B-8907-24B664249FDB}.Debug|Any CPU.ActiveCfg = Debug|Any CPU
		{1E3BBC00-400A-4E0B-8907-24B664249FDB}.Debug|Any CPU.Build.0 = Debug|Any CPU
		{1E3BBC00-400A-4E0B-8907-24B664249FDB}.Release|Any CPU.ActiveCfg = Release|Any CPU
		{1E3BBC00-400A-4E0B-8907-24B664249FDB}.Release|Any CPU.Build.0 = Release|Any CPU
		{255CD759-C529-43C5-B8E9-93596250EDB1}.Debug|Any CPU.ActiveCfg = Debug|Any CPU
		{255CD759-C529-43C5-B8E9-93596250EDB1}.Debug|Any CPU.Build.0 = Debug|Any CPU
		{255CD759-C529-43C5-B8E9-93596250EDB1}.Release|Any CPU.ActiveCfg = Release|Any CPU
		{255CD759-C529-43C5-B8E9-93596250EDB1}.Release|Any CPU.Build.0 = Release|Any CPU
		{25BC92D2-D090-405F-9997-2ED6E8E23EE5}.Debug|Any CPU.ActiveCfg = Debug|Any CPU
		{25BC92D2-D090-405F-9997-2ED6E8E23EE5}.Debug|Any CPU.Build.0 = Debug|Any CPU
		{25BC92D2-D090-405F-9997-2ED6E8E23EE5}.Release|Any CPU.ActiveCfg = Release|Any CPU
		{25BC92D2-D090-405F-9997-2ED6E8E23EE5}.Release|Any CPU.Build.0 = Release|Any CPU
		{405355CD-2B17-4563-853A-E257955C07BF}.Debug|Any CPU.ActiveCfg = Debug|Any CPU
		{405355CD-2B17-4563-853A-E257955C07BF}.Debug|Any CPU.Build.0 = Debug|Any CPU
		{405355CD-2B17-4563-853A-E257955C07BF}.Release|Any CPU.ActiveCfg = Release|Any CPU
		{405355CD-2B17-4563-853A-E257955C07BF}.Release|Any CPU.Build.0 = Release|Any CPU
		{B334F50C-1315-43AA-B976-D1C17586DF87}.Debug|Any CPU.ActiveCfg = Debug|Any CPU
		{B334F50C-1315-43AA-B976-D1C17586DF87}.Debug|Any CPU.Build.0 = Debug|Any CPU
		{B334F50C-1315-43AA-B976-D1C17586DF87}.Release|Any CPU.ActiveCfg = Release|Any CPU
		{B334F50C-1315-43AA-B976-D1C17586DF87}.Release|Any CPU.Build.0 = Release|Any CPU
		{68E25AE1-920C-469C-8B25-C78C7F6090A4}.Debug|Any CPU.ActiveCfg = Debug|Any CPU
		{68E25AE1-920C-469C-8B25-C78C7F6090A4}.Debug|Any CPU.Build.0 = Debug|Any CPU
		{68E25AE1-920C-469C-8B25-C78C7F6090A4}.Release|Any CPU.ActiveCfg = Release|Any CPU
		{68E25AE1-920C-469C-8B25-C78C7F6090A4}.Release|Any CPU.Build.0 = Release|Any CPU
		{DF4E345F-D211-401B-BB87-175AC096E0B7}.Debug|Any CPU.ActiveCfg = Debug|Any CPU
		{DF4E345F-D211-401B-BB87-175AC096E0B7}.Debug|Any CPU.Build.0 = Debug|Any CPU
		{DF4E345F-D211-401B-BB87-175AC096E0B7}.Release|Any CPU.ActiveCfg = Release|Any CPU
		{DF4E345F-D211-401B-BB87-175AC096E0B7}.Release|Any CPU.Build.0 = Release|Any CPU
	EndGlobalSection
	GlobalSection(SolutionProperties) = preSolution
		HideSolutionNode = FALSE
	EndGlobalSection
EndGlobal
